
Microsoft Visual Studio Solution File, Format Version 12.00
# Visual Studio Version 16
VisualStudioVersion = 16.0.30907.101
MinimumVisualStudioVersion = 10.0.40219.1
Project("{9A19103F-16F7-4668-BE54-9A1E7A4F7556}") = "FunctionApp", "FunctionApp\FunctionApp.csproj", "{C5BD0E76-676A-4858-9B0E-D1F60925EB12}"
EndProject
Project("{FAE04EC0-301F-11D3-BF4B-00C04F79EFBC}") = "Intercom", "Intercom\Intercom.csproj", "{98189B91-89DB-44A4-A878-2D873DA3BC31}"
EndProject
Global
	GlobalSection(SolutionConfigurationPlatforms) = preSolution
		Debug|Any CPU = Debug|Any CPU
		Release|Any CPU = Release|Any CPU
	EndGlobalSection
	GlobalSection(ProjectConfigurationPlatforms) = postSolution
		{C5BD0E76-676A-4858-9B0E-D1F60925EB12}.Debug|Any CPU.ActiveCfg = Debug|Any CPU
		{C5BD0E76-676A-4858-9B0E-D1F60925EB12}.Debug|Any CPU.Build.0 = Debug|Any CPU
		{C5BD0E76-676A-4858-9B0E-D1F60925EB12}.Release|Any CPU.ActiveCfg = Release|Any CPU
		{C5BD0E76-676A-4858-9B0E-D1F60925EB12}.Release|Any CPU.Build.0 = Release|Any CPU
		{98189B91-89DB-44A4-A878-2D873DA3BC31}.Debug|Any CPU.ActiveCfg = Debug|Any CPU
		{98189B91-89DB-44A4-A878-2D873DA3BC31}.Debug|Any CPU.Build.0 = Debug|Any CPU
		{98189B91-89DB-44A4-A878-2D873DA3BC31}.Release|Any CPU.ActiveCfg = Release|Any CPU
		{98189B91-89DB-44A4-A878-2D873DA3BC31}.Release|Any CPU.Build.0 = Release|Any CPU
	EndGlobalSection
	GlobalSection(SolutionProperties) = preSolution
		HideSolutionNode = FALSE
	EndGlobalSection
	GlobalSection(ExtensibilityGlobals) = postSolution
		SolutionGuid = {412F9F1F-8C8F-49A0-B44F-24B6620C1DC6}
	EndGlobalSection
EndGlobal
